{
  "version": "5",
  "remote": {
    "https://edge.netlify.com/": "fd941d61d88673d5f28aab283fb86fcc50f08a3bc80ee5470498fcfa88c65cfb",
    "https://edge.netlify.com/bootstrap/config.ts": "6a2ce0e544e15e8f8883a5c18da5948e37fd0f2619f68cb31f3af53c51817025",
    "https://edge.netlify.com/bootstrap/context.ts": "e97240232121e2f369f6546ce961490f34d961ea1ea54be3ff09633e3f08373f",
    "https://edge.netlify.com/bootstrap/cookie.ts": "8b0baae708989ca183c6f3b4ab3d029e6abcbc2e43f93edeb0ff447b3bbc3a05",
    "https://edge.netlify.com/bootstrap/edge_function.ts": "b8253e86aa83c67341f5cfedeba5049d77fbf84dcab7eceff7566b7728ae9b39",
    "https://edge.netlify.com/bootstrap/globals/types.ts": "eaa6148ded3121d8dee62dd91c86e7fe76601df0f3ca8d7962243a30f4c8935f"
  },
  "workspace": {
    "packageJson": {
      "dependencies": [
        "npm:@aws-sdk/client-s3@^3.943.0",
        "npm:@aws-sdk/s3-request-presigner@^3.943.0",
        "npm:@bull-board/api@^6.14.2",
        "npm:@bull-board/express@^6.14.2",
        "npm:@bull-board/nestjs@^6.14.2",
        "npm:@eslint/eslintrc@^3.2.0",
        "npm:@eslint/js@^9.18.0",
        "npm:@nestjs/axios@^4.0.1",
        "npm:@nestjs/bull@^11.0.4",
        "npm:@nestjs/cli@11",
        "npm:@nestjs/common@^11.0.1",
        "npm:@nestjs/config@^4.0.2",
        "npm:@nestjs/core@^11.0.1",
        "npm:@nestjs/platform-express@^11.0.1",
        "npm:@nestjs/platform-socket.io@^11.1.9",
        "npm:@nestjs/schedule@^6.0.1",
        "npm:@nestjs/schematics@11",
        "npm:@nestjs/terminus@11",
        "npm:@nestjs/testing@^11.0.1",
        "npm:@nestjs/throttler@^6.5.0",
        "npm:@prisma/adapter-pg@^7.1.0",
        "npm:@prisma/client@^7.1.0",
        "npm:@sentry/node@^10.28.0",
        "npm:@sentry/profiling-node@^10.28.0",
        "npm:@types/compression@^1.8.1",
        "npm:@types/express@5",
        "npm:@types/fs-extra@^11.0.4",
        "npm:@types/jest@30",
        "npm:@types/node@^22.10.7",
        "npm:@types/supertest@^6.0.2",
        "npm:bull@^4.16.5",
        "npm:class-transformer@~0.5.1",
        "npm:class-validator@~0.14.3",
        "npm:compression@^1.8.1",
        "npm:dotenv@^17.2.3",
        "npm:eslint-config-prettier@^10.0.1",
        "npm:eslint-plugin-prettier@^5.2.2",
        "npm:eslint@^9.18.0",
        "npm:execa@^9.6.1",
        "npm:fs-extra@^11.3.2",
        "npm:globals@16",
        "npm:helmet@^8.1.0",
        "npm:jest@30",
        "npm:joi@^18.0.2",
        "npm:nestjs-pino@^4.5.0",
        "npm:pdf-lib@^1.17.1",
        "npm:pg@^8.16.3",
        "npm:pino-http@11",
        "npm:pino-pretty@^13.1.3",
        "npm:prettier@^3.4.2",
        "npm:prisma@^7.1.0",
        "npm:reflect-metadata@~0.2.2",
        "npm:rxjs@^7.8.1",
        "npm:serverless-http@4",
        "npm:socket.io@^4.8.1",
        "npm:source-map-support@~0.5.21",
        "npm:supertest@7",
        "npm:ts-jest@^29.2.5",
        "npm:ts-loader@^9.5.2",
        "npm:ts-node@^10.9.2",
        "npm:tsconfig-paths@^4.2.0",
        "npm:typescript-eslint@^8.20.0",
        "npm:typescript@^5.7.3"
      ]
    }
  }
}
